
Microsoft Visual Studio Solution File, Format Version 12.00
# Visual Studio 14
VisualStudioVersion = 14.0.25420.1
MinimumVisualStudioVersion = 10.0.40219.1
Project("{FAE04EC0-301F-11D3-BF4B-00C04F79EFBC}") = "LibraryMS", "LibraryMS\LibraryMS.csproj", "{CBCFB919-7BD3-460C-976F-905EAB40E5A8}"
EndProject
Global
	GlobalSection(SolutionConfigurationPlatforms) = preSolution
		Debug|Any CPU = Debug|Any CPU
		Release|Any CPU = Release|Any CPU
	EndGlobalSection
	GlobalSection(ProjectConfigurationPlatforms) = postSolution
		{CBCFB919-7BD3-460C-976F-905EAB40E5A8}.Debug|Any CPU.ActiveCfg = Debug|Any CPU
		{CBCFB919-7BD3-460C-976F-905EAB40E5A8}.Debug|Any CPU.Build.0 = Debug|Any CPU
		{CBCFB919-7BD3-460C-976F-905EAB40E5A8}.Release|Any CPU.ActiveCfg = Release|Any CPU
		{CBCFB919-7BD3-460C-976F-905EAB40E5A8}.Release|Any CPU.Build.0 = Release|Any CPU
	EndGlobalSection
	GlobalSection(SolutionProperties) = preSolution
		HideSolutionNode = FALSE
	EndGlobalSection
EndGlobal
